
Microsoft Visual Studio Solution File, Format Version 12.00
# Visual Studio Version 16
VisualStudioVersion = 16.0.30804.86
MinimumVisualStudioVersion = 10.0.40219.1
Project("{FAE04EC0-301F-11D3-BF4B-00C04F79EFBC}") = "TappauMVVM", "TappauMVVM\TappauMVVM.csproj", "{20675BA9-96AF-457D-B5D8-DA64569D6728}"
EndProject
Global
	GlobalSection(SolutionConfigurationPlatforms) = preSolution
		Debug|Any CPU = Debug|Any CPU
		Release|Any CPU = Release|Any CPU
	EndGlobalSection
	GlobalSection(ProjectConfigurationPlatforms) = postSolution
		{20675BA9-96AF-457D-B5D8-DA64569D6728}.Debug|Any CPU.ActiveCfg = Debug|Any CPU
		{20675BA9-96AF-457D-B5D8-DA64569D6728}.Debug|Any CPU.Build.0 = Debug|Any CPU
		{20675BA9-96AF-457D-B5D8-DA64569D6728}.Release|Any CPU.ActiveCfg = Release|Any CPU
		{20675BA9-96AF-457D-B5D8-DA64569D6728}.Release|Any CPU.Build.0 = Release|Any CPU
	EndGlobalSection
	GlobalSection(SolutionProperties) = preSolution
		HideSolutionNode = FALSE
	EndGlobalSection
	GlobalSection(ExtensibilityGlobals) = postSolution
		SolutionGuid = {E4CDF150-BDA2-4ABE-BB7C-E43C28EA2016}
	EndGlobalSection
EndGlobal
